
Microsoft Visual Studio Solution File, Format Version 12.00
# Visual Studio 15
VisualStudioVersion = 15.0.27703.2042
MinimumVisualStudioVersion = 10.0.40219.1
Project("{FAE04EC0-301F-11D3-BF4B-00C04F79EFBC}") = "PilotNtSharp", "PilotNtSharp\PilotNtSharp.csproj", "{C4501EBF-5986-4B63-92B8-F78B9BC788A6}"
EndProject
Project("{FAE04EC0-301F-11D3-BF4B-00C04F79EFBC}") = "PilotNtSharp.Test", "PilotNtSharp.Test\PilotNtSharp.Test.csproj", "{67FF6FF4-3E8F-4C1A-82DA-EEC617658104}"
EndProject
Global
	GlobalSection(SolutionConfigurationPlatforms) = preSolution
		Debug|Any CPU = Debug|Any CPU
		Release|Any CPU = Release|Any CPU
	EndGlobalSection
	GlobalSection(ProjectConfigurationPlatforms) = postSolution
		{C4501EBF-5986-4B63-92B8-F78B9BC788A6}.Debug|Any CPU.ActiveCfg = Debug|Any CPU
		{C4501EBF-5986-4B63-92B8-F78B9BC788A6}.Debug|Any CPU.Build.0 = Debug|Any CPU
		{C4501EBF-5986-4B63-92B8-F78B9BC788A6}.Release|Any CPU.ActiveCfg = Release|Any CPU
		{C4501EBF-5986-4B63-92B8-F78B9BC788A6}.Release|Any CPU.Build.0 = Release|Any CPU
		{67FF6FF4-3E8F-4C1A-82DA-EEC617658104}.Debug|Any CPU.ActiveCfg = Debug|Any CPU
		{67FF6FF4-3E8F-4C1A-82DA-EEC617658104}.Debug|Any CPU.Build.0 = Debug|Any CPU
		{67FF6FF4-3E8F-4C1A-82DA-EEC617658104}.Release|Any CPU.ActiveCfg = Release|Any CPU
		{67FF6FF4-3E8F-4C1A-82DA-EEC617658104}.Release|Any CPU.Build.0 = Release|Any CPU
	EndGlobalSection
	GlobalSection(SolutionProperties) = preSolution
		HideSolutionNode = FALSE
	EndGlobalSection
	GlobalSection(ExtensibilityGlobals) = postSolution
		SolutionGuid = {E684E0F3-E7C1-4758-B0B7-104ADC4F30F4}
	EndGlobalSection
EndGlobal
